{
  "name": "tokenizer",
  "version": "1.0.0",
  "lockfileVersion": 2,
  "requires": true,
  "packages": {
    "": {
      "name": "tokenizer",
      "version": "1.0.0",
      "license": "ISC",
      "dependencies": {
        "@anthropic-ai/tokenizer": "^0.0.4"
      }
    },
    "node_modules/@anthropic-ai/tokenizer": {
      "version": "0.0.4",
      "resolved": "https://registry.npmjs.org/@anthropic-ai/tokenizer/-/tokenizer-0.0.4.tgz",
      "integrity": "sha512-EHRKbxlxlc8W4KCBEseByJ7YwyYCmgu9OyN59H9+IYIGPoKv8tXyQXinkeGDI+cI8Tiuz9wk2jZb/kK7AyvL7g==",
      "dependencies": {
        "@types/node": "^18.11.18",
        "tiktoken": "^1.0.10"
      }
    },
    "node_modules/@types/node": {
      "version": "18.18.7",
      "resolved": "https://registry.npmjs.org/@types/node/-/node-18.18.7.tgz",
      "integrity": "sha512-bw+lEsxis6eqJYW8Ql6+yTqkE6RuFtsQPSe5JxXbqYRFQEER5aJA9a5UH9igqDWm3X4iLHIKOHlnAXLM4mi7uQ==",
      "dependencies": {
        "undici-types": "~5.26.4"
      }
    },
    "node_modules/tiktoken": {
      "version": "1.0.10",
      "resolved": "https://registry.npmjs.org/tiktoken/-/tiktoken-1.0.10.tgz",
      "integrity": "sha512-gF8ndTCNu7WcRFbl1UUWaFIB4CTXmHzS3tRYdyUYF7x3C6YR6Evoao4zhKDmWIwv2PzNbzoQMV8Pxt+17lEDbA=="
    },
    "node_modules/undici-types": {
      "version": "5.26.5",
      "resolved": "https://registry.npmjs.org/undici-types/-/undici-types-5.26.5.tgz",
      "integrity": "sha512-JlCMO+ehdEIKqlFxk6IfVoAUVmgz7cU7zD/h9XZ0qzeosSHmUJVOzSQvvYSYWXkFXC+IfLKSIffhv0sVZup6pA=="
    }
  },
  "dependencies": {
    "@anthropic-ai/tokenizer": {
      "version": "0.0.4",
      "resolved": "https://registry.npmjs.org/@anthropic-ai/tokenizer/-/tokenizer-0.0.4.tgz",
      "integrity": "sha512-EHRKbxlxlc8W4KCBEseByJ7YwyYCmgu9OyN59H9+IYIGPoKv8tXyQXinkeGDI+cI8Tiuz9wk2jZb/kK7AyvL7g==",
      "requires": {
        "@types/node": "^18.11.18",
        "tiktoken": "^1.0.10"
      }
    },
    "@types/node": {
      "version": "18.18.7",
      "resolved": "https://registry.npmjs.org/@types/node/-/node-18.18.7.tgz",
      "integrity": "sha512-bw+lEsxis6eqJYW8Ql6+yTqkE6RuFtsQPSe5JxXbqYRFQEER5aJA9a5UH9igqDWm3X4iLHIKOHlnAXLM4mi7uQ==",
      "requires": {
        "undici-types": "~5.26.4"
      }
    },
    "tiktoken": {
      "version": "1.0.10",
      "resolved": "https://registry.npmjs.org/tiktoken/-/tiktoken-1.0.10.tgz",
      "integrity": "sha512-gF8ndTCNu7WcRFbl1UUWaFIB4CTXmHzS3tRYdyUYF7x3C6YR6Evoao4zhKDmWIwv2PzNbzoQMV8Pxt+17lEDbA=="
    },
    "undici-types": {
      "version": "5.26.5",
      "resolved": "https://registry.npmjs.org/undici-types/-/undici-types-5.26.5.tgz",
      "integrity": "sha512-JlCMO+ehdEIKqlFxk6IfVoAUVmgz7cU7zD/h9XZ0qzeosSHmUJVOzSQvvYSYWXkFXC+IfLKSIffhv0sVZup6pA=="
    }
  }
}
